
Microsoft Visual Studio Solution File, Format Version 12.00
# Visual Studio Version 16
VisualStudioVersion = 16.0.29911.84
MinimumVisualStudioVersion = 10.0.40219.1
Project("{FAE04EC0-301F-11D3-BF4B-00C04F79EFBC}") = "GrpcServiceStream", "GrpcServiceStream\GrpcServiceStream.csproj", "{7E3AEC91-4B1F-4411-AE16-26FCA7A9201B}"
EndProject
Project("{FAE04EC0-301F-11D3-BF4B-00C04F79EFBC}") = "StreamClient", "StreamClient\StreamClient.csproj", "{31CC6741-944B-46C3-8C3B-EA4651FAFC71}"
EndProject
Global
	GlobalSection(SolutionConfigurationPlatforms) = preSolution
		Debug|Any CPU = Debug|Any CPU
		Release|Any CPU = Release|Any CPU
	EndGlobalSection
	GlobalSection(ProjectConfigurationPlatforms) = postSolution
		{7E3AEC91-4B1F-4411-AE16-26FCA7A9201B}.Debug|Any CPU.ActiveCfg = Debug|Any CPU
		{7E3AEC91-4B1F-4411-AE16-26FCA7A9201B}.Debug|Any CPU.Build.0 = Debug|Any CPU
		{7E3AEC91-4B1F-4411-AE16-26FCA7A9201B}.Release|Any CPU.ActiveCfg = Release|Any CPU
		{7E3AEC91-4B1F-4411-AE16-26FCA7A9201B}.Release|Any CPU.Build.0 = Release|Any CPU
		{31CC6741-944B-46C3-8C3B-EA4651FAFC71}.Debug|Any CPU.ActiveCfg = Debug|Any CPU
		{31CC6741-944B-46C3-8C3B-EA4651FAFC71}.Debug|Any CPU.Build.0 = Debug|Any CPU
		{31CC6741-944B-46C3-8C3B-EA4651FAFC71}.Release|Any CPU.ActiveCfg = Release|Any CPU
		{31CC6741-944B-46C3-8C3B-EA4651FAFC71}.Release|Any CPU.Build.0 = Release|Any CPU
	EndGlobalSection
	GlobalSection(SolutionProperties) = preSolution
		HideSolutionNode = FALSE
	EndGlobalSection
	GlobalSection(ExtensibilityGlobals) = postSolution
		SolutionGuid = {2C39171A-9AB4-456A-BF75-B5D9792071C3}
	EndGlobalSection
EndGlobal
